
Microsoft Visual Studio Solution File, Format Version 12.00
# Visual Studio Version 16
VisualStudioVersion = 16.0.29613.14
MinimumVisualStudioVersion = 10.0.40219.1
Project("{FAE04EC0-301F-11D3-BF4B-00C04F79EFBC}") = "Domain", "Domain\Domain.csproj", "{CD3FCCF0-A2DC-4B79-82F9-BE8E5D27A7B6}"
EndProject
Project("{FAE04EC0-301F-11D3-BF4B-00C04F79EFBC}") = "Infra", "Infra\Infra.csproj", "{C2ECE609-4665-4FAD-B890-C6936F7AB9F7}"
EndProject
Project("{FAE04EC0-301F-11D3-BF4B-00C04F79EFBC}") = "Tests", "Tests\Tests.csproj", "{DC788475-AE0C-4C13-BD99-C4D1953D246E}"
EndProject
Global
	GlobalSection(SolutionConfigurationPlatforms) = preSolution
		Debug|Any CPU = Debug|Any CPU
		Release|Any CPU = Release|Any CPU
	EndGlobalSection
	GlobalSection(ProjectConfigurationPlatforms) = postSolution
		{CD3FCCF0-A2DC-4B79-82F9-BE8E5D27A7B6}.Debug|Any CPU.ActiveCfg = Debug|Any CPU
		{CD3FCCF0-A2DC-4B79-82F9-BE8E5D27A7B6}.Debug|Any CPU.Build.0 = Debug|Any CPU
		{CD3FCCF0-A2DC-4B79-82F9-BE8E5D27A7B6}.Release|Any CPU.ActiveCfg = Release|Any CPU
		{CD3FCCF0-A2DC-4B79-82F9-BE8E5D27A7B6}.Release|Any CPU.Build.0 = Release|Any CPU
		{C2ECE609-4665-4FAD-B890-C6936F7AB9F7}.Debug|Any CPU.ActiveCfg = Debug|Any CPU
		{C2ECE609-4665-4FAD-B890-C6936F7AB9F7}.Debug|Any CPU.Build.0 = Debug|Any CPU
		{C2ECE609-4665-4FAD-B890-C6936F7AB9F7}.Release|Any CPU.ActiveCfg = Release|Any CPU
		{C2ECE609-4665-4FAD-B890-C6936F7AB9F7}.Release|Any CPU.Build.0 = Release|Any CPU
		{DC788475-AE0C-4C13-BD99-C4D1953D246E}.Debug|Any CPU.ActiveCfg = Debug|Any CPU
		{DC788475-AE0C-4C13-BD99-C4D1953D246E}.Debug|Any CPU.Build.0 = Debug|Any CPU
		{DC788475-AE0C-4C13-BD99-C4D1953D246E}.Release|Any CPU.ActiveCfg = Release|Any CPU
		{DC788475-AE0C-4C13-BD99-C4D1953D246E}.Release|Any CPU.Build.0 = Release|Any CPU
	EndGlobalSection
	GlobalSection(SolutionProperties) = preSolution
		HideSolutionNode = FALSE
	EndGlobalSection
	GlobalSection(ExtensibilityGlobals) = postSolution
		SolutionGuid = {B50AA0D0-4E30-4C6A-8DF6-A0892DE19AC1}
	EndGlobalSection
EndGlobal
